<?xml version="1.0" encoding="utf-8"?>
<Project ToolsVersion="4.0" xmlns="http://schemas.microsoft.com/developer/msbuild/2003">
  <ItemGroup>
    <Filter Include="源文件">
      <UniqueIdentifier>{4FC737F1-C7A5-4376-A066-2A32D752A2FF}</UniqueIdentifier>
      <Extensions>cpp;c;cc;cxx;def;odl;idl;hpj;bat;asm;asmx</Extensions>
    </Filter>
    <Filter Include="头文件">
      <UniqueIdentifier>{93995380-89BD-4b04-88EB-625FBE52EBFB}</UniqueIdentifier>
      <Extensions>h;hh;hpp;hxx;hm;inl;inc;ipp;xsd</Extensions>
    </Filter>
    <Filter Include="资源文件">
      <UniqueIdentifier>{67DA6AB6-F800-4c08-8B7A-83BB121AAD01}</UniqueIdentifier>
      <Extensions>rc;ico;cur;bmp;dlg;rc2;rct;bin;rgs;gif;jpg;jpeg;jpe;resx;tiff;tif;png;wav;mfcribbon-ms</Extensions>
    </Filter>
    <Filter Include="cnfparser">
      <UniqueIdentifier>{36135b95-b7ad-4f11-9bee-1bf742148c82}</UniqueIdentifier>
    </Filter>
    <Filter Include="config">
      <UniqueIdentifier>{cc531cde-32a2-4888-b06e-f44f352522dd}</UniqueIdentifier>
    </Filter>
    <Filter Include="data_structure">
      <UniqueIdentifier>{7eb89737-fe1e-4084-8bac-563504fee370}</UniqueIdentifier>
    </Filter>
    <Filter Include="display">
      <UniqueIdentifier>{2f906a23-2535-4c37-9d7d-86ac3de6b2e2}</UniqueIdentifier>
    </Filter>
    <Filter Include="solver">
      <UniqueIdentifier>{c70f7052-6a76-4275-bad1-5685c0298168}</UniqueIdentifier>
    </Filter>
  </ItemGroup>
  <ItemGroup>
    <ClInclude Include="naive_implementation\cnfparser\cnfparser.h">
      <Filter>cnfparser</Filter>
    </ClInclude>
    <ClInclude Include="naive_implementation\data_structure\data_struct.h">
      <Filter>data_structure</Filter>
    </ClInclude>
    <ClInclude Include="naive_implementation\display\display.h">
      <Filter>display</Filter>
    </ClInclude>
    <ClInclude Include="naive_implementation\solver\solver.h">
      <Filter>solver</Filter>
    </ClInclude>
    <ClInclude Include="naive_implementation\data_structure\tool_functions.h">
      <Filter>data_structure</Filter>
    </ClInclude>
    <ClInclude Include="binary_puzzle\generate.h">
      <Filter>头文件</Filter>
    </ClInclude>
    <ClInclude Include="binary_puzzle\transform.h">
      <Filter>头文件</Filter>
    </ClInclude>
    <ClInclude Include="binary_puzzle\solve_puzzle.h">
      <Filter>头文件</Filter>
    </ClInclude>
    <ClInclude Include="binary_puzzle\load_puzzle.h">
      <Filter>头文件</Filter>
    </ClInclude>
    <ClInclude Include="binary_puzzle\test.h">
      <Filter>头文件</Filter>
    </ClInclude>
    <ClInclude Include="config\config.h">
      <Filter>config</Filter>
    </ClInclude>
    <ClInclude Include="binary_puzzle\print.h">
      <Filter>头文件</Filter>
    </ClInclude>
    <ClInclude Include="display\display.h">
      <Filter>头文件</Filter>
    </ClInclude>
    <ClInclude Include="binary_puzzle\play.h">
      <Filter>头文件</Filter>
    </ClInclude>
    <ClInclude Include="binary_puzzle\tool_function.h">
      <Filter>头文件</Filter>
    </ClInclude>
    <ClInclude Include="binary_puzzle\comb_tool.h">
      <Filter>头文件</Filter>
    </ClInclude>
    <ClInclude Include="binary_puzzle\puzzle.h">
      <Filter>头文件</Filter>
    </ClInclude>
    <ClInclude Include="Optimized_implementation\cnfparser\cnfparser.h">
      <Filter>头文件</Filter>
    </ClInclude>
    <ClInclude Include="Optimized_implementation\tool_function.h">
      <Filter>头文件</Filter>
    </ClInclude>
    <ClInclude Include="Optimized_implementation\solver\solver.h">
      <Filter>头文件</Filter>
    </ClInclude>
    <ClInclude Include="display\test.h">
      <Filter>头文件</Filter>
    </ClInclude>
  </ItemGroup>
  <ItemGroup>
    <ClCompile Include="main.cpp">
      <Filter>源文件</Filter>
    </ClCompile>
  </ItemGroup>
</Project>